<?xml version="1.0" encoding="utf-8"?>
<Project ToolsVersion="4.0" xmlns="http://schemas.microsoft.com/developer/msbuild/2003">
  <ItemGroup>
    <Filter Include="src">
      <UniqueIdentifier>{891fbd9c-af4f-4d21-8a24-6782c45c9df9}</UniqueIdentifier>
    </Filter>
    <Filter Include="src\context">
      <UniqueIdentifier>{f67a91fd-2128-45dc-ac18-52664bf61606}</UniqueIdentifier>
    </Filter>
    <Filter Include="src\context\win32">
      <UniqueIdentifier>{6a6e1565-cc2e-4730-8d2d-2ebcd4ffc43c}</UniqueIdentifier>
    </Filter>
    <Filter Include="src\renderer">
      <UniqueIdentifier>{e2b20c48-99fa-4a5f-be05-b941c073cc29}</UniqueIdentifier>
    </Filter>
    <Filter Include="src\renderer\gl">
      <UniqueIdentifier>{d8de52a1-367a-4d7b-92c2-fb5afbd1d6ad}</UniqueIdentifier>
    </Filter>
    <Filter Include="src\renderer\d3dx">
      <UniqueIdentifier>{a6e3a82f-eb20-49ca-b9da-d6e40603ef8b}</UniqueIdentifier>
    </Filter>
    <Filter Include="src\context\win32\gl">
      <UniqueIdentifier>{bc34abc8-1562-4592-a985-6fb30bf0ad2e}</UniqueIdentifier>
    </Filter>
    <Filter Include="src\context\win32\gl\glfw3">
      <UniqueIdentifier>{d3b014e6-88a1-4122-b3d0-aac9711bfb80}</UniqueIdentifier>
    </Filter>
    <Filter Include="src\context\win32\gl\glew">
      <UniqueIdentifier>{e38424a7-f005-46b2-8645-d5b3ba7dbc7b}</UniqueIdentifier>
    </Filter>
    <Filter Include="src\support">
      <UniqueIdentifier>{9a0e7baf-af0b-46ff-b929-8cc32be371a9}</UniqueIdentifier>
    </Filter>
    <Filter Include="src\support\d3dx">
      <UniqueIdentifier>{c503f785-7aeb-4031-9b3f-8c5154da9993}</UniqueIdentifier>
    </Filter>
    <Filter Include="src\support\gl">
      <UniqueIdentifier>{eada4a84-0d93-4898-ac06-b580e5c30024}</UniqueIdentifier>
    </Filter>
    <Filter Include="src\context\win32\d3dx">
      <UniqueIdentifier>{7e999083-3f15-47a9-b9fc-2a966fb54597}</UniqueIdentifier>
    </Filter>
  </ItemGroup>
  <ItemGroup>
    <ClInclude Include="..\src\context\Application.h">
      <Filter>src\context</Filter>
    </ClInclude>
    <ClInclude Include="..\src\renderer\RendererSystem.h">
      <Filter>src\renderer</Filter>
    </ClInclude>
    <ClInclude Include="..\src\context\win32\gl\glfw3\glfw3.h">
      <Filter>src\context\win32\gl\glfw3</Filter>
    </ClInclude>
    <ClInclude Include="..\src\context\win32\gl\glfw3\glfw3native.h">
      <Filter>src\context\win32\gl\glfw3</Filter>
    </ClInclude>
    <ClInclude Include="..\src\context\win32\gl\glew\glew.h">
      <Filter>src\context\win32\gl\glew</Filter>
    </ClInclude>
    <ClInclude Include="..\src\context\win32\gl\glew\glxew.h">
      <Filter>src\context\win32\gl\glew</Filter>
    </ClInclude>
    <ClInclude Include="..\src\context\win32\gl\glew\wglew.h">
      <Filter>src\context\win32\gl\glew</Filter>
    </ClInclude>
    <ClInclude Include="..\src\support\ShaderProgram.h">
      <Filter>src\support</Filter>
    </ClInclude>
    <ClInclude Include="..\src\support\RendererMacros.h">
      <Filter>src\support</Filter>
    </ClInclude>
  </ItemGroup>
  <ItemGroup>
    <ClCompile Include="..\src\context\Application.cpp">
      <Filter>src\context</Filter>
    </ClCompile>
    <ClCompile Include="..\src\renderer\gl\RendererSystem.cpp">
      <Filter>src\renderer\gl</Filter>
    </ClCompile>
    <ClCompile Include="..\src\context\win32\gl\ApplicationPlatform.cpp">
      <Filter>src\context\win32\gl</Filter>
    </ClCompile>
    <ClCompile Include="..\src\support\gl\ShaderProgram.cpp">
      <Filter>src\support\gl</Filter>
    </ClCompile>
    <ClCompile Include="..\src\support\RendererMacros.cpp">
      <Filter>src\support</Filter>
    </ClCompile>
  </ItemGroup>
</Project>