<?xml version="1.0" encoding="utf-8"?>
<Project ToolsVersion="4.0" xmlns="http://schemas.microsoft.com/developer/msbuild/2003">
  <ItemGroup>
    <Filter Include="src">
      <UniqueIdentifier>{891fbd9c-af4f-4d21-8a24-6782c45c9df9}</UniqueIdentifier>
    </Filter>
    <Filter Include="src\context">
      <UniqueIdentifier>{f67a91fd-2128-45dc-ac18-52664bf61606}</UniqueIdentifier>
    </Filter>
    <Filter Include="src\context\win32">
      <UniqueIdentifier>{6a6e1565-cc2e-4730-8d2d-2ebcd4ffc43c}</UniqueIdentifier>
    </Filter>
    <Filter Include="src\renderer">
      <UniqueIdentifier>{e2b20c48-99fa-4a5f-be05-b941c073cc29}</UniqueIdentifier>
    </Filter>
    <Filter Include="src\context\win32\glfw3">
      <UniqueIdentifier>{4a49cc8d-d88f-4600-b4f4-d0db7cec05f7}</UniqueIdentifier>
    </Filter>
    <Filter Include="src\renderer\gl">
      <UniqueIdentifier>{d8de52a1-367a-4d7b-92c2-fb5afbd1d6ad}</UniqueIdentifier>
    </Filter>
    <Filter Include="src\shader">
      <UniqueIdentifier>{aa43c3de-91a1-4ae8-b14c-594e857c5afe}</UniqueIdentifier>
    </Filter>
    <Filter Include="src\include">
      <UniqueIdentifier>{63e92c16-fea8-4855-be78-4e3c7f56b7f0}</UniqueIdentifier>
    </Filter>
    <Filter Include="src\include\gl">
      <UniqueIdentifier>{8fae78d0-9222-4182-af2c-5b9b31d3db65}</UniqueIdentifier>
    </Filter>
    <Filter Include="src\include\d3dx">
      <UniqueIdentifier>{c47778d3-0017-411d-a13b-c7e187f80de5}</UniqueIdentifier>
    </Filter>
    <Filter Include="src\renderer\d3dx">
      <UniqueIdentifier>{a6e3a82f-eb20-49ca-b9da-d6e40603ef8b}</UniqueIdentifier>
    </Filter>
    <Filter Include="src\shader\gl">
      <UniqueIdentifier>{598a6a82-2d93-46d1-99d7-00b0f8bc1bca}</UniqueIdentifier>
    </Filter>
    <Filter Include="src\shader\d3dx">
      <UniqueIdentifier>{2890f3d8-6ad0-4fd7-bcb9-f12f4870dc83}</UniqueIdentifier>
    </Filter>
  </ItemGroup>
  <ItemGroup>
    <ClInclude Include="..\src\context\Application.h">
      <Filter>src\context</Filter>
    </ClInclude>
    <ClInclude Include="..\src\renderer\RendererSystem.h">
      <Filter>src\renderer</Filter>
    </ClInclude>
    <ClInclude Include="..\src\context\win32\glfw3\glfw3.h">
      <Filter>src\context\win32\glfw3</Filter>
    </ClInclude>
    <ClInclude Include="..\src\context\win32\glfw3\glfw3native.h">
      <Filter>src\context\win32\glfw3</Filter>
    </ClInclude>
    <ClInclude Include="..\src\include\gl\glew.h">
      <Filter>src\include\gl</Filter>
    </ClInclude>
    <ClInclude Include="..\src\include\gl\glxew.h">
      <Filter>src\include\gl</Filter>
    </ClInclude>
    <ClInclude Include="..\src\include\gl\wglew.h">
      <Filter>src\include\gl</Filter>
    </ClInclude>
    <ClInclude Include="..\src\shader\ShaderProgram.h">
      <Filter>src\shader</Filter>
    </ClInclude>
  </ItemGroup>
  <ItemGroup>
    <ClCompile Include="..\src\context\Application.cpp">
      <Filter>src\context</Filter>
    </ClCompile>
    <ClCompile Include="..\src\context\win32\ApplicationPlatform.cpp">
      <Filter>src\context\win32</Filter>
    </ClCompile>
    <ClCompile Include="..\src\renderer\gl\RendererSystem.cpp">
      <Filter>src\renderer\gl</Filter>
    </ClCompile>
    <ClCompile Include="..\src\shader\gl\ShaderProgram.cpp">
      <Filter>src\shader\gl</Filter>
    </ClCompile>
  </ItemGroup>
</Project>