<?xml version="1.0" encoding="utf-8"?>
<Project ToolsVersion="4.0" xmlns="http://schemas.microsoft.com/developer/msbuild/2003">
  <ItemGroup>
    <Filter Include="src">
      <UniqueIdentifier>{e5aff365-2001-4fa3-b5d5-6ff028c3dc07}</UniqueIdentifier>
    </Filter>
    <Filter Include="src\assets">
      <UniqueIdentifier>{9203bad3-aef1-4630-b881-7d12cf813781}</UniqueIdentifier>
    </Filter>
    <Filter Include="src\assets\win32">
      <UniqueIdentifier>{170174ee-8456-41f8-a573-4d62249d9608}</UniqueIdentifier>
    </Filter>
    <Filter Include="src\common">
      <UniqueIdentifier>{720a7c0b-9516-4474-a607-17cc4d1fcb9c}</UniqueIdentifier>
    </Filter>
    <Filter Include="src\engine">
      <UniqueIdentifier>{27e452d2-b151-4761-b9b1-e013337c6b81}</UniqueIdentifier>
    </Filter>
    <Filter Include="src\include">
      <UniqueIdentifier>{c07031e9-9daa-40fa-9325-06452a3308ad}</UniqueIdentifier>
    </Filter>
    <Filter Include="src\log">
      <UniqueIdentifier>{de6c0e5c-8438-4778-8835-8cc7916fd8e9}</UniqueIdentifier>
    </Filter>
    <Filter Include="src\log\win32">
      <UniqueIdentifier>{eb12aa98-c6d8-4934-b675-ba55f6b5d9e0}</UniqueIdentifier>
    </Filter>
    <Filter Include="src\utils">
      <UniqueIdentifier>{b90d30df-6159-44d1-b857-979e37a19445}</UniqueIdentifier>
    </Filter>
    <Filter Include="src\math">
      <UniqueIdentifier>{d2a7a0b4-b417-4053-999c-66f091d99212}</UniqueIdentifier>
    </Filter>
    <Filter Include="src\transform">
      <UniqueIdentifier>{eec219bb-5849-4c65-be25-b6f5498eed97}</UniqueIdentifier>
    </Filter>
    <Filter Include="src\scene">
      <UniqueIdentifier>{c1d07dfd-b9eb-4420-9ceb-ff1ee9f61ee7}</UniqueIdentifier>
    </Filter>
  </ItemGroup>
  <ItemGroup>
    <ClCompile Include="..\src\common\Common.cpp">
      <Filter>src\common</Filter>
    </ClCompile>
    <ClCompile Include="..\src\engine\Engine.cpp">
      <Filter>src\engine</Filter>
    </ClCompile>
    <ClCompile Include="..\src\log\win32\LogSystem.cpp">
      <Filter>src\log\win32</Filter>
    </ClCompile>
    <ClCompile Include="..\src\utils\Utils.cpp">
      <Filter>src\utils</Filter>
    </ClCompile>
    <ClCompile Include="..\src\common\Reference.cpp">
      <Filter>src\common</Filter>
    </ClCompile>
    <ClCompile Include="..\src\common\Data.cpp">
      <Filter>src\common</Filter>
    </ClCompile>
    <ClCompile Include="..\src\math\Quaternion.cpp">
      <Filter>src\math</Filter>
    </ClCompile>
    <ClCompile Include="..\src\math\Vec2.cpp">
      <Filter>src\math</Filter>
    </ClCompile>
    <ClCompile Include="..\src\math\Vec3.cpp">
      <Filter>src\math</Filter>
    </ClCompile>
    <ClCompile Include="..\src\math\Vec4.cpp">
      <Filter>src\math</Filter>
    </ClCompile>
    <ClCompile Include="..\src\math\Mat4.cpp">
      <Filter>src\math</Filter>
    </ClCompile>
    <ClCompile Include="..\src\transform\Transform.cpp">
      <Filter>src\transform</Filter>
    </ClCompile>
    <ClCompile Include="..\src\assets\win32\AssetsSystem.cpp">
      <Filter>src\assets\win32</Filter>
    </ClCompile>
    <ClCompile Include="..\src\scene\Scene.cpp">
      <Filter>src\scene</Filter>
    </ClCompile>
    <ClCompile Include="..\src\transform\Node.cpp">
      <Filter>src\transform</Filter>
    </ClCompile>
    <ClCompile Include="..\src\transform\Camera.cpp">
      <Filter>src\transform</Filter>
    </ClCompile>
  </ItemGroup>
  <ItemGroup>
    <ClInclude Include="..\src\assets\AssetsSystem.h">
      <Filter>src\assets</Filter>
    </ClInclude>
    <ClInclude Include="..\src\common\Common.h">
      <Filter>src\common</Filter>
    </ClInclude>
    <ClInclude Include="..\src\engine\Engine.h">
      <Filter>src\engine</Filter>
    </ClInclude>
    <ClInclude Include="..\src\include\magical-engine.h">
      <Filter>src\include</Filter>
    </ClInclude>
    <ClInclude Include="..\src\log\LogSystem.h">
      <Filter>src\log</Filter>
    </ClInclude>
    <ClInclude Include="..\src\utils\Utils.h">
      <Filter>src\utils</Filter>
    </ClInclude>
    <ClInclude Include="..\src\PlatformMacros.h">
      <Filter>src</Filter>
    </ClInclude>
    <ClInclude Include="..\src\common\Reference.h">
      <Filter>src\common</Filter>
    </ClInclude>
    <ClInclude Include="..\src\common\Array.h">
      <Filter>src\common</Filter>
    </ClInclude>
    <ClInclude Include="..\src\common\Shared.h">
      <Filter>src\common</Filter>
    </ClInclude>
    <ClInclude Include="..\src\common\Data.h">
      <Filter>src\common</Filter>
    </ClInclude>
    <ClInclude Include="..\src\common\Map.h">
      <Filter>src\common</Filter>
    </ClInclude>
    <ClInclude Include="..\src\common\List.h">
      <Filter>src\common</Filter>
    </ClInclude>
    <ClInclude Include="..\src\math\Math3D.h">
      <Filter>src\math</Filter>
    </ClInclude>
    <ClInclude Include="..\src\math\Quaternion.h">
      <Filter>src\math</Filter>
    </ClInclude>
    <ClInclude Include="..\src\math\Vec2.h">
      <Filter>src\math</Filter>
    </ClInclude>
    <ClInclude Include="..\src\math\Vec3.h">
      <Filter>src\math</Filter>
    </ClInclude>
    <ClInclude Include="..\src\math\Vec4.h">
      <Filter>src\math</Filter>
    </ClInclude>
    <ClInclude Include="..\src\math\Mat4.h">
      <Filter>src\math</Filter>
    </ClInclude>
    <ClInclude Include="..\src\transform\Transform.h">
      <Filter>src\transform</Filter>
    </ClInclude>
    <ClInclude Include="..\src\scene\Scene.h">
      <Filter>src\scene</Filter>
    </ClInclude>
    <ClInclude Include="..\src\transform\Node.h">
      <Filter>src\transform</Filter>
    </ClInclude>
    <ClInclude Include="..\src\transform\Camera.h">
      <Filter>src\transform</Filter>
    </ClInclude>
  </ItemGroup>
  <ItemGroup>
    <None Include="..\src\math\Quaternion.inl">
      <Filter>src\math</Filter>
    </None>
    <None Include="..\src\math\Vec2.inl">
      <Filter>src\math</Filter>
    </None>
    <None Include="..\src\math\Vec3.inl">
      <Filter>src\math</Filter>
    </None>
    <None Include="..\src\math\Vec4.inl">
      <Filter>src\math</Filter>
    </None>
    <None Include="..\src\math\Mat4.inl">
      <Filter>src\math</Filter>
    </None>
  </ItemGroup>
</Project>