<?xml version="1.0" encoding="utf-8"?>
<Project ToolsVersion="4.0" xmlns="http://schemas.microsoft.com/developer/msbuild/2003">
  <ItemGroup>
    <Filter Include="src">
      <UniqueIdentifier>{3e8940b1-7373-4fca-a3cf-83d5e3954e5d}</UniqueIdentifier>
    </Filter>
    <Filter Include="src\magical-engine">
      <UniqueIdentifier>{edd12f9b-80b6-4835-a857-381400973d06}</UniqueIdentifier>
    </Filter>
    <Filter Include="src\magical-renderer">
      <UniqueIdentifier>{87f52554-93ce-49f2-8b82-3da9bd41952d}</UniqueIdentifier>
    </Filter>
    <Filter Include="src\magical-script">
      <UniqueIdentifier>{a5eabc0b-5887-47f3-bbca-2ca83818c0f8}</UniqueIdentifier>
    </Filter>
    <Filter Include="src\magical-engine\assets">
      <UniqueIdentifier>{29700df1-e485-4984-b5b8-0b3b6437c225}</UniqueIdentifier>
    </Filter>
    <Filter Include="src\magical-engine\base">
      <UniqueIdentifier>{78560046-961b-4f89-b4f2-6cee24074639}</UniqueIdentifier>
    </Filter>
    <Filter Include="src\magical-engine\engine">
      <UniqueIdentifier>{ee261fed-05d7-482a-9a0e-2de102b61980}</UniqueIdentifier>
    </Filter>
    <Filter Include="src\magical-engine\include">
      <UniqueIdentifier>{0126e2c7-4166-4373-ac40-f0455fed553c}</UniqueIdentifier>
    </Filter>
    <Filter Include="src\magical-engine\input">
      <UniqueIdentifier>{0490fe01-19a2-4204-b225-c50b5d5ee431}</UniqueIdentifier>
    </Filter>
    <Filter Include="src\magical-engine\log">
      <UniqueIdentifier>{786ac1fe-9090-4e1f-ac9b-f7cc53c01332}</UniqueIdentifier>
    </Filter>
    <Filter Include="src\magical-engine\math">
      <UniqueIdentifier>{ea0f9ed9-673d-4afe-be15-3775c4df4e01}</UniqueIdentifier>
    </Filter>
    <Filter Include="src\magical-engine\utils">
      <UniqueIdentifier>{dc22dbf8-c1aa-46af-b4cc-88d51fcbbf60}</UniqueIdentifier>
    </Filter>
    <Filter Include="src\magical-engine\assets\win32">
      <UniqueIdentifier>{f6a80729-e643-402b-a6c7-a12c09afa40a}</UniqueIdentifier>
    </Filter>
    <Filter Include="src\magical-engine\log\win32">
      <UniqueIdentifier>{834ed109-7ad6-4433-8fd2-887e58a63d91}</UniqueIdentifier>
    </Filter>
    <Filter Include="src\magical-engine\math\c">
      <UniqueIdentifier>{d17fd266-e21f-4981-a1a4-f796530b1a13}</UniqueIdentifier>
    </Filter>
    <Filter Include="src\magical-engine\math\cpp">
      <UniqueIdentifier>{0612c5a0-3ef5-407a-90d7-925cc0858951}</UniqueIdentifier>
    </Filter>
    <Filter Include="src\magical-engine\platform">
      <UniqueIdentifier>{70d0e348-a348-4103-a7de-b0bfbee33774}</UniqueIdentifier>
    </Filter>
    <Filter Include="src\magical-renderer\context">
      <UniqueIdentifier>{60e262df-2d3e-4b80-b12d-1cc354df140f}</UniqueIdentifier>
    </Filter>
    <Filter Include="src\magical-renderer\context\win32">
      <UniqueIdentifier>{08902a53-925a-4cde-9d2a-80519f0ed65e}</UniqueIdentifier>
    </Filter>
    <Filter Include="src\magical-renderer\context\win32\gl">
      <UniqueIdentifier>{c9c772ca-5085-4d59-a298-babd6d67afde}</UniqueIdentifier>
    </Filter>
    <Filter Include="src\magical-renderer\context\win32\gl\glew">
      <UniqueIdentifier>{8cf20946-2e65-4edf-a1be-950d42069ba8}</UniqueIdentifier>
    </Filter>
    <Filter Include="src\magical-renderer\context\win32\gl\glfw3">
      <UniqueIdentifier>{637316f9-17ed-47b2-88c7-9e4d2884e5cb}</UniqueIdentifier>
    </Filter>
    <Filter Include="src\magical-renderer\renderer">
      <UniqueIdentifier>{5fe23b3b-d167-4049-8b07-90253cd5ac38}</UniqueIdentifier>
    </Filter>
    <Filter Include="src\magical-renderer\renderer\gl">
      <UniqueIdentifier>{f34e3533-cd26-4815-864e-513ca6966ff0}</UniqueIdentifier>
    </Filter>
    <Filter Include="src\magical-renderer\support">
      <UniqueIdentifier>{16ac3f7d-41c9-49a4-8e48-7808a0dba762}</UniqueIdentifier>
    </Filter>
    <Filter Include="src\magical-renderer\support\gl">
      <UniqueIdentifier>{106a06c0-d6ef-4d91-a74c-9a0cd94c80a1}</UniqueIdentifier>
    </Filter>
  </ItemGroup>
  <ItemGroup>
    <ClInclude Include="..\src\magical-engine\PlatformMacros.h">
      <Filter>src\magical-engine</Filter>
    </ClInclude>
    <ClInclude Include="..\src\magical-engine\assets\AssetsSystem.h">
      <Filter>src\magical-engine\assets</Filter>
    </ClInclude>
    <ClInclude Include="..\src\magical-engine\base\Array.h">
      <Filter>src\magical-engine\base</Filter>
    </ClInclude>
    <ClInclude Include="..\src\magical-engine\base\CachedPool.h">
      <Filter>src\magical-engine\base</Filter>
    </ClInclude>
    <ClInclude Include="..\src\magical-engine\base\Data.h">
      <Filter>src\magical-engine\base</Filter>
    </ClInclude>
    <ClInclude Include="..\src\magical-engine\base\List.h">
      <Filter>src\magical-engine\base</Filter>
    </ClInclude>
    <ClInclude Include="..\src\magical-engine\base\Map.h">
      <Filter>src\magical-engine\base</Filter>
    </ClInclude>
    <ClInclude Include="..\src\magical-engine\base\Reference.h">
      <Filter>src\magical-engine\base</Filter>
    </ClInclude>
    <ClInclude Include="..\src\magical-engine\base\Shared.h">
      <Filter>src\magical-engine\base</Filter>
    </ClInclude>
    <ClInclude Include="..\src\magical-engine\engine\Behaviour.h">
      <Filter>src\magical-engine\engine</Filter>
    </ClInclude>
    <ClInclude Include="..\src\magical-engine\engine\Camera.h">
      <Filter>src\magical-engine\engine</Filter>
    </ClInclude>
    <ClInclude Include="..\src\magical-engine\engine\Engine.h">
      <Filter>src\magical-engine\engine</Filter>
    </ClInclude>
    <ClInclude Include="..\src\magical-engine\engine\Node.h">
      <Filter>src\magical-engine\engine</Filter>
    </ClInclude>
    <ClInclude Include="..\src\magical-engine\engine\Scene.h">
      <Filter>src\magical-engine\engine</Filter>
    </ClInclude>
    <ClInclude Include="..\src\magical-engine\engine\Transform.h">
      <Filter>src\magical-engine\engine</Filter>
    </ClInclude>
    <ClInclude Include="..\src\magical-engine\engine\Viewport.h">
      <Filter>src\magical-engine\engine</Filter>
    </ClInclude>
    <ClInclude Include="..\src\magical-engine\include\magical-engine.h">
      <Filter>src\magical-engine\include</Filter>
    </ClInclude>
    <ClInclude Include="..\src\magical-engine\input\InputSystem.h">
      <Filter>src\magical-engine\input</Filter>
    </ClInclude>
    <ClInclude Include="..\src\magical-engine\log\LogSystem.h">
      <Filter>src\magical-engine\log</Filter>
    </ClInclude>
    <ClInclude Include="..\src\magical-engine\math\magical-math.h">
      <Filter>src\magical-engine\math</Filter>
    </ClInclude>
    <ClInclude Include="..\src\magical-engine\math\c\cAABB3.h">
      <Filter>src\magical-engine\math\c</Filter>
    </ClInclude>
    <ClInclude Include="..\src\magical-engine\math\c\cAxisAngle.h">
      <Filter>src\magical-engine\math\c</Filter>
    </ClInclude>
    <ClInclude Include="..\src\magical-engine\math\c\cEulerAngles.h">
      <Filter>src\magical-engine\math\c</Filter>
    </ClInclude>
    <ClInclude Include="..\src\magical-engine\math\c\cMatrix3.h">
      <Filter>src\magical-engine\math\c</Filter>
    </ClInclude>
    <ClInclude Include="..\src\magical-engine\math\c\cMatrix4.h">
      <Filter>src\magical-engine\math\c</Filter>
    </ClInclude>
    <ClInclude Include="..\src\magical-engine\math\c\cPlane3.h">
      <Filter>src\magical-engine\math\c</Filter>
    </ClInclude>
    <ClInclude Include="..\src\magical-engine\math\c\cQuaternion.h">
      <Filter>src\magical-engine\math\c</Filter>
    </ClInclude>
    <ClInclude Include="..\src\magical-engine\math\c\cRay3.h">
      <Filter>src\magical-engine\math\c</Filter>
    </ClInclude>
    <ClInclude Include="..\src\magical-engine\math\c\cSphere3.h">
      <Filter>src\magical-engine\math\c</Filter>
    </ClInclude>
    <ClInclude Include="..\src\magical-engine\math\c\cUtility.h">
      <Filter>src\magical-engine\math\c</Filter>
    </ClInclude>
    <ClInclude Include="..\src\magical-engine\math\c\cVector2.h">
      <Filter>src\magical-engine\math\c</Filter>
    </ClInclude>
    <ClInclude Include="..\src\magical-engine\math\c\cVector3.h">
      <Filter>src\magical-engine\math\c</Filter>
    </ClInclude>
    <ClInclude Include="..\src\magical-engine\math\c\cVector4.h">
      <Filter>src\magical-engine\math\c</Filter>
    </ClInclude>
    <ClInclude Include="..\src\magical-engine\math\cpp\AABB3.h">
      <Filter>src\magical-engine\math\cpp</Filter>
    </ClInclude>
    <ClInclude Include="..\src\magical-engine\math\cpp\AxisAngle.h">
      <Filter>src\magical-engine\math\cpp</Filter>
    </ClInclude>
    <ClInclude Include="..\src\magical-engine\math\cpp\EulerAngles.h">
      <Filter>src\magical-engine\math\cpp</Filter>
    </ClInclude>
    <ClInclude Include="..\src\magical-engine\math\cpp\MathMacros.h">
      <Filter>src\magical-engine\math\cpp</Filter>
    </ClInclude>
    <ClInclude Include="..\src\magical-engine\math\cpp\Matrix4.h">
      <Filter>src\magical-engine\math\cpp</Filter>
    </ClInclude>
    <ClInclude Include="..\src\magical-engine\math\cpp\Plane3.h">
      <Filter>src\magical-engine\math\cpp</Filter>
    </ClInclude>
    <ClInclude Include="..\src\magical-engine\math\cpp\Quaternion.h">
      <Filter>src\magical-engine\math\cpp</Filter>
    </ClInclude>
    <ClInclude Include="..\src\magical-engine\math\cpp\Ray3.h">
      <Filter>src\magical-engine\math\cpp</Filter>
    </ClInclude>
    <ClInclude Include="..\src\magical-engine\math\cpp\Sphere3.h">
      <Filter>src\magical-engine\math\cpp</Filter>
    </ClInclude>
    <ClInclude Include="..\src\magical-engine\math\cpp\Vector2.h">
      <Filter>src\magical-engine\math\cpp</Filter>
    </ClInclude>
    <ClInclude Include="..\src\magical-engine\math\cpp\Vector3.h">
      <Filter>src\magical-engine\math\cpp</Filter>
    </ClInclude>
    <ClInclude Include="..\src\magical-engine\math\cpp\Vector4.h">
      <Filter>src\magical-engine\math\cpp</Filter>
    </ClInclude>
    <ClInclude Include="..\src\magical-engine\utils\Utils.h">
      <Filter>src\magical-engine\utils</Filter>
    </ClInclude>
    <ClInclude Include="..\src\magical-engine\platform\Common.h">
      <Filter>src\magical-engine\platform</Filter>
    </ClInclude>
    <ClInclude Include="..\src\magical-renderer\context\Application.h">
      <Filter>src\magical-renderer\context</Filter>
    </ClInclude>
    <ClInclude Include="..\src\magical-renderer\context\win32\gl\glew\glew.h">
      <Filter>src\magical-renderer\context\win32\gl\glew</Filter>
    </ClInclude>
    <ClInclude Include="..\src\magical-renderer\context\win32\gl\glew\glxew.h">
      <Filter>src\magical-renderer\context\win32\gl\glew</Filter>
    </ClInclude>
    <ClInclude Include="..\src\magical-renderer\context\win32\gl\glew\wglew.h">
      <Filter>src\magical-renderer\context\win32\gl\glew</Filter>
    </ClInclude>
    <ClInclude Include="..\src\magical-renderer\context\win32\gl\glfw3\glfw3.h">
      <Filter>src\magical-renderer\context\win32\gl\glfw3</Filter>
    </ClInclude>
    <ClInclude Include="..\src\magical-renderer\context\win32\gl\glfw3\glfw3native.h">
      <Filter>src\magical-renderer\context\win32\gl\glfw3</Filter>
    </ClInclude>
    <ClInclude Include="..\src\magical-renderer\renderer\RendererSystem.h">
      <Filter>src\magical-renderer\renderer</Filter>
    </ClInclude>
    <ClInclude Include="..\src\magical-renderer\support\RendererMacros.h">
      <Filter>src\magical-renderer\support</Filter>
    </ClInclude>
    <ClInclude Include="..\src\magical-renderer\support\ShaderProgram.h">
      <Filter>src\magical-renderer\support</Filter>
    </ClInclude>
    <ClInclude Include="..\src\magical-renderer\support\ShaderProgramManager.h">
      <Filter>src\magical-renderer\support</Filter>
    </ClInclude>
  </ItemGroup>
  <ItemGroup>
    <ClCompile Include="..\src\magical-engine\assets\win32\AssetsSystem.cpp">
      <Filter>src\magical-engine\assets\win32</Filter>
    </ClCompile>
    <ClCompile Include="..\src\magical-engine\base\Data.cpp">
      <Filter>src\magical-engine\base</Filter>
    </ClCompile>
    <ClCompile Include="..\src\magical-engine\base\Reference.cpp">
      <Filter>src\magical-engine\base</Filter>
    </ClCompile>
    <ClCompile Include="..\src\magical-engine\engine\Behaviour.cpp">
      <Filter>src\magical-engine\engine</Filter>
    </ClCompile>
    <ClCompile Include="..\src\magical-engine\engine\Camera.cpp">
      <Filter>src\magical-engine\engine</Filter>
    </ClCompile>
    <ClCompile Include="..\src\magical-engine\engine\Engine.cpp">
      <Filter>src\magical-engine\engine</Filter>
    </ClCompile>
    <ClCompile Include="..\src\magical-engine\engine\Node.cpp">
      <Filter>src\magical-engine\engine</Filter>
    </ClCompile>
    <ClCompile Include="..\src\magical-engine\engine\Scene.cpp">
      <Filter>src\magical-engine\engine</Filter>
    </ClCompile>
    <ClCompile Include="..\src\magical-engine\engine\Transform.cpp">
      <Filter>src\magical-engine\engine</Filter>
    </ClCompile>
    <ClCompile Include="..\src\magical-engine\engine\Viewport.cpp">
      <Filter>src\magical-engine\engine</Filter>
    </ClCompile>
    <ClCompile Include="..\src\magical-engine\input\InputSystem.cpp">
      <Filter>src\magical-engine\input</Filter>
    </ClCompile>
    <ClCompile Include="..\src\magical-engine\log\win32\LogSystem.cpp">
      <Filter>src\magical-engine\log\win32</Filter>
    </ClCompile>
    <ClCompile Include="..\src\magical-engine\math\c\cAABB3.c">
      <Filter>src\magical-engine\math\c</Filter>
    </ClCompile>
    <ClCompile Include="..\src\magical-engine\math\c\cAxisAngle.c">
      <Filter>src\magical-engine\math\c</Filter>
    </ClCompile>
    <ClCompile Include="..\src\magical-engine\math\c\cEulerAngles.c">
      <Filter>src\magical-engine\math\c</Filter>
    </ClCompile>
    <ClCompile Include="..\src\magical-engine\math\c\cMatrix3.c">
      <Filter>src\magical-engine\math\c</Filter>
    </ClCompile>
    <ClCompile Include="..\src\magical-engine\math\c\cMatrix4.c">
      <Filter>src\magical-engine\math\c</Filter>
    </ClCompile>
    <ClCompile Include="..\src\magical-engine\math\c\cPlane3.c">
      <Filter>src\magical-engine\math\c</Filter>
    </ClCompile>
    <ClCompile Include="..\src\magical-engine\math\c\cQuaternion.c">
      <Filter>src\magical-engine\math\c</Filter>
    </ClCompile>
    <ClCompile Include="..\src\magical-engine\math\c\cRay3.c">
      <Filter>src\magical-engine\math\c</Filter>
    </ClCompile>
    <ClCompile Include="..\src\magical-engine\math\c\cSphere3.c">
      <Filter>src\magical-engine\math\c</Filter>
    </ClCompile>
    <ClCompile Include="..\src\magical-engine\math\c\cVector2.c">
      <Filter>src\magical-engine\math\c</Filter>
    </ClCompile>
    <ClCompile Include="..\src\magical-engine\math\c\cVector3.c">
      <Filter>src\magical-engine\math\c</Filter>
    </ClCompile>
    <ClCompile Include="..\src\magical-engine\math\c\cVector4.c">
      <Filter>src\magical-engine\math\c</Filter>
    </ClCompile>
    <ClCompile Include="..\src\magical-engine\math\cpp\AABB3.cpp">
      <Filter>src\magical-engine\math\cpp</Filter>
    </ClCompile>
    <ClCompile Include="..\src\magical-engine\math\cpp\AxisAngle.cpp">
      <Filter>src\magical-engine\math\cpp</Filter>
    </ClCompile>
    <ClCompile Include="..\src\magical-engine\math\cpp\EulerAngles.cpp">
      <Filter>src\magical-engine\math\cpp</Filter>
    </ClCompile>
    <ClCompile Include="..\src\magical-engine\math\cpp\Matrix4.cpp">
      <Filter>src\magical-engine\math\cpp</Filter>
    </ClCompile>
    <ClCompile Include="..\src\magical-engine\math\cpp\Plane3.cpp">
      <Filter>src\magical-engine\math\cpp</Filter>
    </ClCompile>
    <ClCompile Include="..\src\magical-engine\math\cpp\Quaternion.cpp">
      <Filter>src\magical-engine\math\cpp</Filter>
    </ClCompile>
    <ClCompile Include="..\src\magical-engine\math\cpp\Ray3.cpp">
      <Filter>src\magical-engine\math\cpp</Filter>
    </ClCompile>
    <ClCompile Include="..\src\magical-engine\math\cpp\Sphere3.cpp">
      <Filter>src\magical-engine\math\cpp</Filter>
    </ClCompile>
    <ClCompile Include="..\src\magical-engine\math\cpp\Vector2.cpp">
      <Filter>src\magical-engine\math\cpp</Filter>
    </ClCompile>
    <ClCompile Include="..\src\magical-engine\math\cpp\Vector3.cpp">
      <Filter>src\magical-engine\math\cpp</Filter>
    </ClCompile>
    <ClCompile Include="..\src\magical-engine\math\cpp\Vector4.cpp">
      <Filter>src\magical-engine\math\cpp</Filter>
    </ClCompile>
    <ClCompile Include="..\src\magical-engine\utils\Utils.cpp">
      <Filter>src\magical-engine\utils</Filter>
    </ClCompile>
    <ClCompile Include="..\src\magical-engine\platform\Common.cpp">
      <Filter>src\magical-engine\platform</Filter>
    </ClCompile>
    <ClCompile Include="..\src\magical-renderer\context\Application.cpp">
      <Filter>src\magical-renderer\context</Filter>
    </ClCompile>
    <ClCompile Include="..\src\magical-renderer\context\win32\gl\ApplicationPlatform.cpp">
      <Filter>src\magical-renderer\context\win32\gl</Filter>
    </ClCompile>
    <ClCompile Include="..\src\magical-renderer\renderer\gl\RendererSystem.cpp">
      <Filter>src\magical-renderer\renderer\gl</Filter>
    </ClCompile>
    <ClCompile Include="..\src\magical-renderer\support\gl\RendererMacros.cpp">
      <Filter>src\magical-renderer\support\gl</Filter>
    </ClCompile>
    <ClCompile Include="..\src\magical-renderer\support\gl\ShaderProgram.cpp">
      <Filter>src\magical-renderer\support\gl</Filter>
    </ClCompile>
    <ClCompile Include="..\src\magical-renderer\support\gl\ShaderProgramManager.cpp">
      <Filter>src\magical-renderer\support\gl</Filter>
    </ClCompile>
  </ItemGroup>
  <ItemGroup>
    <None Include="..\src\magical-engine\math\cpp\AABB3.inl">
      <Filter>src\magical-engine\math\cpp</Filter>
    </None>
    <None Include="..\src\magical-engine\math\cpp\AxisAngle.inl">
      <Filter>src\magical-engine\math\cpp</Filter>
    </None>
    <None Include="..\src\magical-engine\math\cpp\EulerAngles.inl">
      <Filter>src\magical-engine\math\cpp</Filter>
    </None>
    <None Include="..\src\magical-engine\math\cpp\Matrix4.inl">
      <Filter>src\magical-engine\math\cpp</Filter>
    </None>
    <None Include="..\src\magical-engine\math\cpp\Plane3.inl">
      <Filter>src\magical-engine\math\cpp</Filter>
    </None>
    <None Include="..\src\magical-engine\math\cpp\Quaternion.inl">
      <Filter>src\magical-engine\math\cpp</Filter>
    </None>
    <None Include="..\src\magical-engine\math\cpp\Ray3.inl">
      <Filter>src\magical-engine\math\cpp</Filter>
    </None>
    <None Include="..\src\magical-engine\math\cpp\Sphere3.inl">
      <Filter>src\magical-engine\math\cpp</Filter>
    </None>
    <None Include="..\src\magical-engine\math\cpp\Vector2.inl">
      <Filter>src\magical-engine\math\cpp</Filter>
    </None>
    <None Include="..\src\magical-engine\math\cpp\Vector3.inl">
      <Filter>src\magical-engine\math\cpp</Filter>
    </None>
    <None Include="..\src\magical-engine\math\cpp\Vector4.inl">
      <Filter>src\magical-engine\math\cpp</Filter>
    </None>
  </ItemGroup>
</Project>