<?xml version="1.0" encoding="utf-8"?>
<Project ToolsVersion="4.0" xmlns="http://schemas.microsoft.com/developer/msbuild/2003">
  <ItemGroup>
    <Filter Include="src">
      <UniqueIdentifier>{3e8940b1-7373-4fca-a3cf-83d5e3954e5d}</UniqueIdentifier>
    </Filter>
    <Filter Include="src\base">
      <UniqueIdentifier>{e532d74c-ee99-41b5-9335-49a784923dac}</UniqueIdentifier>
    </Filter>
    <Filter Include="src\context">
      <UniqueIdentifier>{b7cf818d-1255-4a9c-b591-124b77cac777}</UniqueIdentifier>
    </Filter>
    <Filter Include="src\context\win32">
      <UniqueIdentifier>{76f773ba-cf03-472a-ab6d-80a593813061}</UniqueIdentifier>
    </Filter>
    <Filter Include="src\context\win32\gl">
      <UniqueIdentifier>{54191025-5244-4036-92a5-e85bb9723eb0}</UniqueIdentifier>
    </Filter>
    <Filter Include="src\context\win32\gl\glew">
      <UniqueIdentifier>{d2a1ebfd-539f-495c-accf-38e2b1776be2}</UniqueIdentifier>
    </Filter>
    <Filter Include="src\context\win32\gl\glfw3">
      <UniqueIdentifier>{23044c4f-a2e5-4bfc-8693-763a0b2de0de}</UniqueIdentifier>
    </Filter>
    <Filter Include="src\engine">
      <UniqueIdentifier>{77c6f0a7-1988-47f4-8da0-422992efc506}</UniqueIdentifier>
    </Filter>
    <Filter Include="src\include">
      <UniqueIdentifier>{f69aa027-317f-41d6-8cbd-794c55c193ed}</UniqueIdentifier>
    </Filter>
    <Filter Include="src\log">
      <UniqueIdentifier>{e88d87bd-5102-4da9-a6d9-59069500eb39}</UniqueIdentifier>
    </Filter>
    <Filter Include="src\math">
      <UniqueIdentifier>{d5333d97-9cf9-4e27-a914-e2318ab94d8d}</UniqueIdentifier>
    </Filter>
    <Filter Include="src\renderer">
      <UniqueIdentifier>{6ecca55f-71b5-4bba-b1f4-1d3bfa215413}</UniqueIdentifier>
    </Filter>
    <Filter Include="src\script">
      <UniqueIdentifier>{e494120c-0685-42ff-8aed-6c360b5d89a4}</UniqueIdentifier>
    </Filter>
    <Filter Include="src\utils">
      <UniqueIdentifier>{92f1709a-a55b-4f82-acc7-bbd3bb1db3bd}</UniqueIdentifier>
    </Filter>
    <Filter Include="src\com">
      <UniqueIdentifier>{be01a1b8-a551-4555-a2b2-122b7f80a226}</UniqueIdentifier>
    </Filter>
    <Filter Include="src\math\c">
      <UniqueIdentifier>{2dd9bc9b-5fed-4589-a28e-4d3363887b72}</UniqueIdentifier>
    </Filter>
    <Filter Include="src\math\cpp">
      <UniqueIdentifier>{10b1a60d-cff5-470d-961b-61522ab0bef3}</UniqueIdentifier>
    </Filter>
    <Filter Include="src\log\win32">
      <UniqueIdentifier>{5fec5e40-0949-43d4-b947-158c88270488}</UniqueIdentifier>
    </Filter>
  </ItemGroup>
  <ItemGroup>
    <ClInclude Include="..\src\context\win32\gl\glfw3\glfw3.h">
      <Filter>src\context\win32\gl\glfw3</Filter>
    </ClInclude>
    <ClInclude Include="..\src\context\win32\gl\glfw3\glfw3native.h">
      <Filter>src\context\win32\gl\glfw3</Filter>
    </ClInclude>
    <ClInclude Include="..\src\context\win32\gl\glew\glew.h">
      <Filter>src\context\win32\gl\glew</Filter>
    </ClInclude>
    <ClInclude Include="..\src\context\win32\gl\glew\glxew.h">
      <Filter>src\context\win32\gl\glew</Filter>
    </ClInclude>
    <ClInclude Include="..\src\context\win32\gl\glew\wglew.h">
      <Filter>src\context\win32\gl\glew</Filter>
    </ClInclude>
    <ClInclude Include="..\src\include\magical-engine.h">
      <Filter>src\include</Filter>
    </ClInclude>
    <ClInclude Include="..\src\math\magical-math.h">
      <Filter>src\math</Filter>
    </ClInclude>
    <ClInclude Include="..\src\math\c\c-aabb2.h">
      <Filter>src\math\c</Filter>
    </ClInclude>
    <ClInclude Include="..\src\math\c\c-aabb3.h">
      <Filter>src\math\c</Filter>
    </ClInclude>
    <ClInclude Include="..\src\math\c\c-axis-angle.h">
      <Filter>src\math\c</Filter>
    </ClInclude>
    <ClInclude Include="..\src\math\c\c-euler-angles.h">
      <Filter>src\math\c</Filter>
    </ClInclude>
    <ClInclude Include="..\src\math\c\c-frustum.h">
      <Filter>src\math\c</Filter>
    </ClInclude>
    <ClInclude Include="..\src\math\c\c-line2.h">
      <Filter>src\math\c</Filter>
    </ClInclude>
    <ClInclude Include="..\src\math\c\c-matrix3.h">
      <Filter>src\math\c</Filter>
    </ClInclude>
    <ClInclude Include="..\src\math\c\c-matrix4.h">
      <Filter>src\math\c</Filter>
    </ClInclude>
    <ClInclude Include="..\src\math\c\c-obb2.h">
      <Filter>src\math\c</Filter>
    </ClInclude>
    <ClInclude Include="..\src\math\c\c-obb3.h">
      <Filter>src\math\c</Filter>
    </ClInclude>
    <ClInclude Include="..\src\math\c\c-plane.h">
      <Filter>src\math\c</Filter>
    </ClInclude>
    <ClInclude Include="..\src\math\c\c-quaternion.h">
      <Filter>src\math\c</Filter>
    </ClInclude>
    <ClInclude Include="..\src\math\c\c-ray2.h">
      <Filter>src\math\c</Filter>
    </ClInclude>
    <ClInclude Include="..\src\math\c\c-ray3.h">
      <Filter>src\math\c</Filter>
    </ClInclude>
    <ClInclude Include="..\src\math\c\c-sphere.h">
      <Filter>src\math\c</Filter>
    </ClInclude>
    <ClInclude Include="..\src\math\c\c-utility.h">
      <Filter>src\math\c</Filter>
    </ClInclude>
    <ClInclude Include="..\src\math\c\c-vector2.h">
      <Filter>src\math\c</Filter>
    </ClInclude>
    <ClInclude Include="..\src\math\c\c-vector3.h">
      <Filter>src\math\c</Filter>
    </ClInclude>
    <ClInclude Include="..\src\math\c\c-vector4.h">
      <Filter>src\math\c</Filter>
    </ClInclude>
    <ClInclude Include="..\src\math\cpp\cpp-aabb3.h">
      <Filter>src\math\cpp</Filter>
    </ClInclude>
    <ClInclude Include="..\src\math\cpp\cpp-axis-angle.h">
      <Filter>src\math\cpp</Filter>
    </ClInclude>
    <ClInclude Include="..\src\math\cpp\cpp-euler-angles.h">
      <Filter>src\math\cpp</Filter>
    </ClInclude>
    <ClInclude Include="..\src\math\cpp\cpp-frustum.h">
      <Filter>src\math\cpp</Filter>
    </ClInclude>
    <ClInclude Include="..\src\math\cpp\cpp-line2.h">
      <Filter>src\math\cpp</Filter>
    </ClInclude>
    <ClInclude Include="..\src\math\cpp\cpp-matrix3.h">
      <Filter>src\math\cpp</Filter>
    </ClInclude>
    <ClInclude Include="..\src\math\cpp\cpp-matrix4.h">
      <Filter>src\math\cpp</Filter>
    </ClInclude>
    <ClInclude Include="..\src\math\cpp\cpp-plane.h">
      <Filter>src\math\cpp</Filter>
    </ClInclude>
    <ClInclude Include="..\src\math\cpp\cpp-quaternion.h">
      <Filter>src\math\cpp</Filter>
    </ClInclude>
    <ClInclude Include="..\src\math\cpp\cpp-ray2.h">
      <Filter>src\math\cpp</Filter>
    </ClInclude>
    <ClInclude Include="..\src\math\cpp\cpp-ray3.h">
      <Filter>src\math\cpp</Filter>
    </ClInclude>
    <ClInclude Include="..\src\math\cpp\cpp-sphere.h">
      <Filter>src\math\cpp</Filter>
    </ClInclude>
    <ClInclude Include="..\src\math\cpp\cpp-utility.h">
      <Filter>src\math\cpp</Filter>
    </ClInclude>
    <ClInclude Include="..\src\math\cpp\cpp-vector2.h">
      <Filter>src\math\cpp</Filter>
    </ClInclude>
    <ClInclude Include="..\src\math\cpp\cpp-vector3.h">
      <Filter>src\math\cpp</Filter>
    </ClInclude>
    <ClInclude Include="..\src\math\cpp\cpp-vector4.h">
      <Filter>src\math\cpp</Filter>
    </ClInclude>
    <ClInclude Include="..\src\base\cache-pool.h">
      <Filter>src\base</Filter>
    </ClInclude>
    <ClInclude Include="..\src\base\data.h">
      <Filter>src\base</Filter>
    </ClInclude>
    <ClInclude Include="..\src\base\ptr.h">
      <Filter>src\base</Filter>
    </ClInclude>
    <ClInclude Include="..\src\base\reference.h">
      <Filter>src\base</Filter>
    </ClInclude>
    <ClInclude Include="..\src\engine\behaviour.h">
      <Filter>src\engine</Filter>
    </ClInclude>
    <ClInclude Include="..\src\engine\camera.h">
      <Filter>src\engine</Filter>
    </ClInclude>
    <ClInclude Include="..\src\engine\engine.h">
      <Filter>src\engine</Filter>
    </ClInclude>
    <ClInclude Include="..\src\engine\scene.h">
      <Filter>src\engine</Filter>
    </ClInclude>
    <ClInclude Include="..\src\engine\scene-element.h">
      <Filter>src\engine</Filter>
    </ClInclude>
    <ClInclude Include="..\src\engine\scene-node.h">
      <Filter>src\engine</Filter>
    </ClInclude>
    <ClInclude Include="..\src\engine\scene-object.h">
      <Filter>src\engine</Filter>
    </ClInclude>
    <ClInclude Include="..\src\com\common.h">
      <Filter>src\com</Filter>
    </ClInclude>
    <ClInclude Include="..\src\com\platform-macros.h">
      <Filter>src\com</Filter>
    </ClInclude>
    <ClInclude Include="..\src\context\application.h">
      <Filter>src\context</Filter>
    </ClInclude>
    <ClInclude Include="..\src\log\log-system.h">
      <Filter>src\log</Filter>
    </ClInclude>
    <ClInclude Include="..\src\utils\utils.h">
      <Filter>src\utils</Filter>
    </ClInclude>
  </ItemGroup>
  <ItemGroup>
    <ClCompile Include="..\src\math\c\c-aabb2.c">
      <Filter>src\math\c</Filter>
    </ClCompile>
    <ClCompile Include="..\src\math\c\c-aabb3.c">
      <Filter>src\math\c</Filter>
    </ClCompile>
    <ClCompile Include="..\src\math\c\c-axis-angle.c">
      <Filter>src\math\c</Filter>
    </ClCompile>
    <ClCompile Include="..\src\math\c\c-euler-angles.c">
      <Filter>src\math\c</Filter>
    </ClCompile>
    <ClCompile Include="..\src\math\c\c-frustum.c">
      <Filter>src\math\c</Filter>
    </ClCompile>
    <ClCompile Include="..\src\math\c\c-line2.c">
      <Filter>src\math\c</Filter>
    </ClCompile>
    <ClCompile Include="..\src\math\c\c-matrix3.c">
      <Filter>src\math\c</Filter>
    </ClCompile>
    <ClCompile Include="..\src\math\c\c-matrix4.c">
      <Filter>src\math\c</Filter>
    </ClCompile>
    <ClCompile Include="..\src\math\c\c-obb2.c">
      <Filter>src\math\c</Filter>
    </ClCompile>
    <ClCompile Include="..\src\math\c\c-obb3.c">
      <Filter>src\math\c</Filter>
    </ClCompile>
    <ClCompile Include="..\src\math\c\c-plane.c">
      <Filter>src\math\c</Filter>
    </ClCompile>
    <ClCompile Include="..\src\math\c\c-quaternion.c">
      <Filter>src\math\c</Filter>
    </ClCompile>
    <ClCompile Include="..\src\math\c\c-ray2.c">
      <Filter>src\math\c</Filter>
    </ClCompile>
    <ClCompile Include="..\src\math\c\c-ray3.c">
      <Filter>src\math\c</Filter>
    </ClCompile>
    <ClCompile Include="..\src\math\c\c-sphere.c">
      <Filter>src\math\c</Filter>
    </ClCompile>
    <ClCompile Include="..\src\math\c\c-vector2.c">
      <Filter>src\math\c</Filter>
    </ClCompile>
    <ClCompile Include="..\src\math\c\c-vector3.c">
      <Filter>src\math\c</Filter>
    </ClCompile>
    <ClCompile Include="..\src\math\c\c-vector4.c">
      <Filter>src\math\c</Filter>
    </ClCompile>
    <ClCompile Include="..\src\math\cpp\cpp-aabb3.cpp">
      <Filter>src\math\cpp</Filter>
    </ClCompile>
    <ClCompile Include="..\src\math\cpp\cpp-axis-angle.cpp">
      <Filter>src\math\cpp</Filter>
    </ClCompile>
    <ClCompile Include="..\src\math\cpp\cpp-euler-angles.cpp">
      <Filter>src\math\cpp</Filter>
    </ClCompile>
    <ClCompile Include="..\src\math\cpp\cpp-frustum.cpp">
      <Filter>src\math\cpp</Filter>
    </ClCompile>
    <ClCompile Include="..\src\math\cpp\cpp-line2.cpp">
      <Filter>src\math\cpp</Filter>
    </ClCompile>
    <ClCompile Include="..\src\math\cpp\cpp-matrix3.cpp">
      <Filter>src\math\cpp</Filter>
    </ClCompile>
    <ClCompile Include="..\src\math\cpp\cpp-matrix4.cpp">
      <Filter>src\math\cpp</Filter>
    </ClCompile>
    <ClCompile Include="..\src\math\cpp\cpp-plane.cpp">
      <Filter>src\math\cpp</Filter>
    </ClCompile>
    <ClCompile Include="..\src\math\cpp\cpp-quaternion.cpp">
      <Filter>src\math\cpp</Filter>
    </ClCompile>
    <ClCompile Include="..\src\math\cpp\cpp-ray2.cpp">
      <Filter>src\math\cpp</Filter>
    </ClCompile>
    <ClCompile Include="..\src\math\cpp\cpp-ray3.cpp">
      <Filter>src\math\cpp</Filter>
    </ClCompile>
    <ClCompile Include="..\src\math\cpp\cpp-sphere.cpp">
      <Filter>src\math\cpp</Filter>
    </ClCompile>
    <ClCompile Include="..\src\math\cpp\cpp-utility.cpp">
      <Filter>src\math\cpp</Filter>
    </ClCompile>
    <ClCompile Include="..\src\math\cpp\cpp-vector2.cpp">
      <Filter>src\math\cpp</Filter>
    </ClCompile>
    <ClCompile Include="..\src\math\cpp\cpp-vector3.cpp">
      <Filter>src\math\cpp</Filter>
    </ClCompile>
    <ClCompile Include="..\src\math\cpp\cpp-vector4.cpp">
      <Filter>src\math\cpp</Filter>
    </ClCompile>
    <ClCompile Include="..\src\base\data.cpp">
      <Filter>src\base</Filter>
    </ClCompile>
    <ClCompile Include="..\src\base\reference.cpp">
      <Filter>src\base</Filter>
    </ClCompile>
    <ClCompile Include="..\src\engine\behaviour.cpp">
      <Filter>src\engine</Filter>
    </ClCompile>
    <ClCompile Include="..\src\engine\camera.cpp">
      <Filter>src\engine</Filter>
    </ClCompile>
    <ClCompile Include="..\src\engine\engine.cpp">
      <Filter>src\engine</Filter>
    </ClCompile>
    <ClCompile Include="..\src\engine\scene.cpp">
      <Filter>src\engine</Filter>
    </ClCompile>
    <ClCompile Include="..\src\engine\scene-node.cpp">
      <Filter>src\engine</Filter>
    </ClCompile>
    <ClCompile Include="..\src\engine\scene-object.cpp">
      <Filter>src\engine</Filter>
    </ClCompile>
    <ClCompile Include="..\src\com\common.cpp">
      <Filter>src\com</Filter>
    </ClCompile>
    <ClCompile Include="..\src\context\win32\gl\ogl-application.cpp">
      <Filter>src\context\win32\gl</Filter>
    </ClCompile>
    <ClCompile Include="..\src\context\application.cpp">
      <Filter>src\context</Filter>
    </ClCompile>
    <ClCompile Include="..\src\log\win32\log-system.cpp">
      <Filter>src\log\win32</Filter>
    </ClCompile>
    <ClCompile Include="..\src\utils\utils.cpp">
      <Filter>src\utils</Filter>
    </ClCompile>
  </ItemGroup>
  <ItemGroup>
    <None Include="..\src\math\cpp\cpp-aabb3.inl">
      <Filter>src\math\cpp</Filter>
    </None>
    <None Include="..\src\math\cpp\cpp-axis-angle.inl">
      <Filter>src\math\cpp</Filter>
    </None>
    <None Include="..\src\math\cpp\cpp-euler-angles.inl">
      <Filter>src\math\cpp</Filter>
    </None>
    <None Include="..\src\math\cpp\cpp-frustum.inl">
      <Filter>src\math\cpp</Filter>
    </None>
    <None Include="..\src\math\cpp\cpp-line2.inl">
      <Filter>src\math\cpp</Filter>
    </None>
    <None Include="..\src\math\cpp\cpp-matrix3.inl">
      <Filter>src\math\cpp</Filter>
    </None>
    <None Include="..\src\math\cpp\cpp-matrix4.inl">
      <Filter>src\math\cpp</Filter>
    </None>
    <None Include="..\src\math\cpp\cpp-plane.inl">
      <Filter>src\math\cpp</Filter>
    </None>
    <None Include="..\src\math\cpp\cpp-quaternion.inl">
      <Filter>src\math\cpp</Filter>
    </None>
    <None Include="..\src\math\cpp\cpp-ray2.inl">
      <Filter>src\math\cpp</Filter>
    </None>
    <None Include="..\src\math\cpp\cpp-ray3.inl">
      <Filter>src\math\cpp</Filter>
    </None>
    <None Include="..\src\math\cpp\cpp-sphere.inl">
      <Filter>src\math\cpp</Filter>
    </None>
    <None Include="..\src\math\cpp\cpp-vector2.inl">
      <Filter>src\math\cpp</Filter>
    </None>
    <None Include="..\src\math\cpp\cpp-vector3.inl">
      <Filter>src\math\cpp</Filter>
    </None>
    <None Include="..\src\math\cpp\cpp-vector4.inl">
      <Filter>src\math\cpp</Filter>
    </None>
    <None Include="..\src\base\cache-pool.inl">
      <Filter>src\base</Filter>
    </None>
    <None Include="..\src\base\ptr.inl">
      <Filter>src\base</Filter>
    </None>
    <None Include="..\src\engine\scene-object.inl">
      <Filter>src\engine</Filter>
    </None>
  </ItemGroup>
</Project>