<?xml version="1.0" encoding="utf-8"?>
<Project ToolsVersion="4.0" xmlns="http://schemas.microsoft.com/developer/msbuild/2003">
  <ItemGroup>
    <Filter Include="src">
      <UniqueIdentifier>{3e8940b1-7373-4fca-a3cf-83d5e3954e5d}</UniqueIdentifier>
    </Filter>
    <Filter Include="src\base">
      <UniqueIdentifier>{e532d74c-ee99-41b5-9335-49a784923dac}</UniqueIdentifier>
    </Filter>
    <Filter Include="src\context">
      <UniqueIdentifier>{b7cf818d-1255-4a9c-b591-124b77cac777}</UniqueIdentifier>
    </Filter>
    <Filter Include="src\context\win32">
      <UniqueIdentifier>{76f773ba-cf03-472a-ab6d-80a593813061}</UniqueIdentifier>
    </Filter>
    <Filter Include="src\context\win32\gl">
      <UniqueIdentifier>{54191025-5244-4036-92a5-e85bb9723eb0}</UniqueIdentifier>
    </Filter>
    <Filter Include="src\context\win32\gl\glew">
      <UniqueIdentifier>{d2a1ebfd-539f-495c-accf-38e2b1776be2}</UniqueIdentifier>
    </Filter>
    <Filter Include="src\context\win32\gl\glfw3">
      <UniqueIdentifier>{23044c4f-a2e5-4bfc-8693-763a0b2de0de}</UniqueIdentifier>
    </Filter>
    <Filter Include="src\engine">
      <UniqueIdentifier>{77c6f0a7-1988-47f4-8da0-422992efc506}</UniqueIdentifier>
    </Filter>
    <Filter Include="src\include">
      <UniqueIdentifier>{f69aa027-317f-41d6-8cbd-794c55c193ed}</UniqueIdentifier>
    </Filter>
    <Filter Include="src\log">
      <UniqueIdentifier>{e88d87bd-5102-4da9-a6d9-59069500eb39}</UniqueIdentifier>
    </Filter>
    <Filter Include="src\log\win32">
      <UniqueIdentifier>{38e18a82-9ca5-4783-810e-5b99ed1e79b8}</UniqueIdentifier>
    </Filter>
    <Filter Include="src\math">
      <UniqueIdentifier>{d5333d97-9cf9-4e27-a914-e2318ab94d8d}</UniqueIdentifier>
    </Filter>
    <Filter Include="src\math\cpp">
      <UniqueIdentifier>{89911c7e-3808-4920-a78a-527b0970c441}</UniqueIdentifier>
    </Filter>
    <Filter Include="src\renderer">
      <UniqueIdentifier>{6ecca55f-71b5-4bba-b1f4-1d3bfa215413}</UniqueIdentifier>
    </Filter>
    <Filter Include="src\script">
      <UniqueIdentifier>{e494120c-0685-42ff-8aed-6c360b5d89a4}</UniqueIdentifier>
    </Filter>
    <Filter Include="src\utils">
      <UniqueIdentifier>{92f1709a-a55b-4f82-acc7-bbd3bb1db3bd}</UniqueIdentifier>
    </Filter>
    <Filter Include="src\com">
      <UniqueIdentifier>{be01a1b8-a551-4555-a2b2-122b7f80a226}</UniqueIdentifier>
    </Filter>
    <Filter Include="src\math\c">
      <UniqueIdentifier>{98e74837-4e4c-408d-bc02-676ba4d95b9e}</UniqueIdentifier>
    </Filter>
  </ItemGroup>
  <ItemGroup>
    <ClInclude Include="..\src\context\Application.h">
      <Filter>src\context</Filter>
    </ClInclude>
    <ClInclude Include="..\src\context\win32\gl\glfw3\glfw3.h">
      <Filter>src\context\win32\gl\glfw3</Filter>
    </ClInclude>
    <ClInclude Include="..\src\context\win32\gl\glfw3\glfw3native.h">
      <Filter>src\context\win32\gl\glfw3</Filter>
    </ClInclude>
    <ClInclude Include="..\src\context\win32\gl\glew\glew.h">
      <Filter>src\context\win32\gl\glew</Filter>
    </ClInclude>
    <ClInclude Include="..\src\context\win32\gl\glew\glxew.h">
      <Filter>src\context\win32\gl\glew</Filter>
    </ClInclude>
    <ClInclude Include="..\src\context\win32\gl\glew\wglew.h">
      <Filter>src\context\win32\gl\glew</Filter>
    </ClInclude>
    <ClInclude Include="..\src\engine\Engine.h">
      <Filter>src\engine</Filter>
    </ClInclude>
    <ClInclude Include="..\src\engine\Scene.h">
      <Filter>src\engine</Filter>
    </ClInclude>
    <ClInclude Include="..\src\include\magical-engine.h">
      <Filter>src\include</Filter>
    </ClInclude>
    <ClInclude Include="..\src\log\LogSystem.h">
      <Filter>src\log</Filter>
    </ClInclude>
    <ClInclude Include="..\src\math\magical-math.h">
      <Filter>src\math</Filter>
    </ClInclude>
    <ClInclude Include="..\src\utils\Utils.h">
      <Filter>src\utils</Filter>
    </ClInclude>
    <ClInclude Include="..\src\com\Common.h">
      <Filter>src\com</Filter>
    </ClInclude>
    <ClInclude Include="..\src\com\PlatformMacros.h">
      <Filter>src\com</Filter>
    </ClInclude>
    <ClInclude Include="..\src\base\Reference.h">
      <Filter>src\base</Filter>
    </ClInclude>
    <ClInclude Include="..\src\base\Ptr.h">
      <Filter>src\base</Filter>
    </ClInclude>
    <ClInclude Include="..\src\base\CachePool.h">
      <Filter>src\base</Filter>
    </ClInclude>
    <ClInclude Include="..\src\base\Data.h">
      <Filter>src\base</Filter>
    </ClInclude>
    <ClInclude Include="..\src\engine\Camera.h">
      <Filter>src\engine</Filter>
    </ClInclude>
    <ClInclude Include="..\src\engine\SceneNode.h">
      <Filter>src\engine</Filter>
    </ClInclude>
    <ClInclude Include="..\src\engine\Behaviour.h">
      <Filter>src\engine</Filter>
    </ClInclude>
    <ClInclude Include="..\src\engine\SceneObject.h">
      <Filter>src\engine</Filter>
    </ClInclude>
    <ClInclude Include="..\src\engine\SceneElement.h">
      <Filter>src\engine</Filter>
    </ClInclude>
    <ClInclude Include="..\src\math\cpp\Utility.h">
      <Filter>src\math\cpp</Filter>
    </ClInclude>
    <ClInclude Include="..\src\math\c\cRay2.h">
      <Filter>src\math\c</Filter>
    </ClInclude>
    <ClInclude Include="..\src\math\c\cRay3.h">
      <Filter>src\math\c</Filter>
    </ClInclude>
    <ClInclude Include="..\src\math\c\cSphere.h">
      <Filter>src\math\c</Filter>
    </ClInclude>
    <ClInclude Include="..\src\math\c\cUtility.h">
      <Filter>src\math\c</Filter>
    </ClInclude>
    <ClInclude Include="..\src\math\c\cVector2.h">
      <Filter>src\math\c</Filter>
    </ClInclude>
    <ClInclude Include="..\src\math\c\cVector3.h">
      <Filter>src\math\c</Filter>
    </ClInclude>
    <ClInclude Include="..\src\math\c\cVector4.h">
      <Filter>src\math\c</Filter>
    </ClInclude>
    <ClInclude Include="..\src\math\c\cAABB.h">
      <Filter>src\math\c</Filter>
    </ClInclude>
    <ClInclude Include="..\src\math\c\cAxisAngle.h">
      <Filter>src\math\c</Filter>
    </ClInclude>
    <ClInclude Include="..\src\math\c\cEulerAngles.h">
      <Filter>src\math\c</Filter>
    </ClInclude>
    <ClInclude Include="..\src\math\c\cFrustum.h">
      <Filter>src\math\c</Filter>
    </ClInclude>
    <ClInclude Include="..\src\math\c\cLine2.h">
      <Filter>src\math\c</Filter>
    </ClInclude>
    <ClInclude Include="..\src\math\c\cMatrix3.h">
      <Filter>src\math\c</Filter>
    </ClInclude>
    <ClInclude Include="..\src\math\c\cMatrix4.h">
      <Filter>src\math\c</Filter>
    </ClInclude>
    <ClInclude Include="..\src\math\c\cPlane.h">
      <Filter>src\math\c</Filter>
    </ClInclude>
    <ClInclude Include="..\src\math\c\cQuaternion.h">
      <Filter>src\math\c</Filter>
    </ClInclude>
    <ClInclude Include="..\src\math\c\cOBB.h">
      <Filter>src\math\c</Filter>
    </ClInclude>
    <ClInclude Include="..\src\math\c\cRect.h">
      <Filter>src\math\c</Filter>
    </ClInclude>
    <ClInclude Include="..\src\math\cpp\Quaternion.h">
      <Filter>src\math\cpp</Filter>
    </ClInclude>
    <ClInclude Include="..\src\math\cpp\Vector2.h">
      <Filter>src\math\cpp</Filter>
    </ClInclude>
    <ClInclude Include="..\src\math\cpp\Vector3.h">
      <Filter>src\math\cpp</Filter>
    </ClInclude>
    <ClInclude Include="..\src\math\cpp\Vector4.h">
      <Filter>src\math\cpp</Filter>
    </ClInclude>
    <ClInclude Include="..\src\math\cpp\Matrix3.h">
      <Filter>src\math\cpp</Filter>
    </ClInclude>
  </ItemGroup>
  <ItemGroup>
    <ClCompile Include="..\src\context\Application.cpp">
      <Filter>src\context</Filter>
    </ClCompile>
    <ClCompile Include="..\src\engine\Engine.cpp">
      <Filter>src\engine</Filter>
    </ClCompile>
    <ClCompile Include="..\src\engine\Scene.cpp">
      <Filter>src\engine</Filter>
    </ClCompile>
    <ClCompile Include="..\src\log\win32\LogSystem.cpp">
      <Filter>src\log\win32</Filter>
    </ClCompile>
    <ClCompile Include="..\src\utils\Utils.cpp">
      <Filter>src\utils</Filter>
    </ClCompile>
    <ClCompile Include="..\src\com\Common.cpp">
      <Filter>src\com</Filter>
    </ClCompile>
    <ClCompile Include="..\src\base\Reference.cpp">
      <Filter>src\base</Filter>
    </ClCompile>
    <ClCompile Include="..\src\base\Data.cpp">
      <Filter>src\base</Filter>
    </ClCompile>
    <ClCompile Include="..\src\context\win32\gl\OGLApplication.cpp">
      <Filter>src\context\win32\gl</Filter>
    </ClCompile>
    <ClCompile Include="..\src\engine\Camera.cpp">
      <Filter>src\engine</Filter>
    </ClCompile>
    <ClCompile Include="..\src\engine\SceneNode.cpp">
      <Filter>src\engine</Filter>
    </ClCompile>
    <ClCompile Include="..\src\engine\SceneObject.cpp">
      <Filter>src\engine</Filter>
    </ClCompile>
    <ClCompile Include="..\src\engine\Behaviour.cpp">
      <Filter>src\engine</Filter>
    </ClCompile>
    <ClCompile Include="..\src\math\cpp\Utility.cpp">
      <Filter>src\math\cpp</Filter>
    </ClCompile>
    <ClCompile Include="..\src\math\c\cRay3.c">
      <Filter>src\math\c</Filter>
    </ClCompile>
    <ClCompile Include="..\src\math\c\cSphere.c">
      <Filter>src\math\c</Filter>
    </ClCompile>
    <ClCompile Include="..\src\math\c\cVector2.c">
      <Filter>src\math\c</Filter>
    </ClCompile>
    <ClCompile Include="..\src\math\c\cVector3.c">
      <Filter>src\math\c</Filter>
    </ClCompile>
    <ClCompile Include="..\src\math\c\cVector4.c">
      <Filter>src\math\c</Filter>
    </ClCompile>
    <ClCompile Include="..\src\math\c\cAABB.c">
      <Filter>src\math\c</Filter>
    </ClCompile>
    <ClCompile Include="..\src\math\c\cAxisAngle.c">
      <Filter>src\math\c</Filter>
    </ClCompile>
    <ClCompile Include="..\src\math\c\cEulerAngles.c">
      <Filter>src\math\c</Filter>
    </ClCompile>
    <ClCompile Include="..\src\math\c\cFrustum.c">
      <Filter>src\math\c</Filter>
    </ClCompile>
    <ClCompile Include="..\src\math\c\cLine2.c">
      <Filter>src\math\c</Filter>
    </ClCompile>
    <ClCompile Include="..\src\math\c\cMatrix3.c">
      <Filter>src\math\c</Filter>
    </ClCompile>
    <ClCompile Include="..\src\math\c\cMatrix4.c">
      <Filter>src\math\c</Filter>
    </ClCompile>
    <ClCompile Include="..\src\math\c\cPlane.c">
      <Filter>src\math\c</Filter>
    </ClCompile>
    <ClCompile Include="..\src\math\c\cQuaternion.c">
      <Filter>src\math\c</Filter>
    </ClCompile>
    <ClCompile Include="..\src\math\c\cRay2.c">
      <Filter>src\math\c</Filter>
    </ClCompile>
    <ClCompile Include="..\src\math\c\cOBB.c">
      <Filter>src\math\c</Filter>
    </ClCompile>
    <ClCompile Include="..\src\math\c\cRect.c">
      <Filter>src\math\c</Filter>
    </ClCompile>
  </ItemGroup>
  <ItemGroup>
    <None Include="..\src\base\CachePool.inl">
      <Filter>src\base</Filter>
    </None>
    <None Include="..\src\base\Ptr.inl">
      <Filter>src\base</Filter>
    </None>
    <None Include="..\src\engine\SceneObject.inl">
      <Filter>src\engine</Filter>
    </None>
    <None Include="..\src\math\cpp\Quaternion.inl">
      <Filter>src\math\cpp</Filter>
    </None>
    <None Include="..\src\math\cpp\Vector2.inl">
      <Filter>src\math\cpp</Filter>
    </None>
    <None Include="..\src\math\cpp\Vector3.inl">
      <Filter>src\math\cpp</Filter>
    </None>
    <None Include="..\src\math\cpp\Vector4.inl">
      <Filter>src\math\cpp</Filter>
    </None>
    <None Include="..\src\math\cpp\Matrix3.inl">
      <Filter>src\math\cpp</Filter>
    </None>
  </ItemGroup>
</Project>