
Microsoft Visual Studio Solution File, Format Version 12.00
# Visual Studio 2013
VisualStudioVersion = 12.0.21005.1
MinimumVisualStudioVersion = 10.0.40219.1
Project("{8BC9CEB8-8B4A-11D0-8D11-00A0C91BC942}") = "demo", "demo\proj-win32\demo.vcxproj", "{09456AF9-0572-4661-A132-632680DA4002}"
	ProjectSection(ProjectDependencies) = postProject
		{396D811B-7BF7-4C4F-85F2-71CC03D32A33} = {396D811B-7BF7-4C4F-85F2-71CC03D32A33}
		{D1A8614A-F88D-43A0-9BFE-EF6034F925C4} = {D1A8614A-F88D-43A0-9BFE-EF6034F925C4}
		{643DC676-9471-4E7F-AF40-1AC6E6F22FC4} = {643DC676-9471-4E7F-AF40-1AC6E6F22FC4}
	EndProjectSection
EndProject
Project("{8BC9CEB8-8B4A-11D0-8D11-00A0C91BC942}") = "magical-common", "magical-common\proj-win32\magical-common.vcxproj", "{396D811B-7BF7-4C4F-85F2-71CC03D32A33}"
EndProject
Project("{8BC9CEB8-8B4A-11D0-8D11-00A0C91BC942}") = "magical-renderer", "magical-renderer\proj-win32\magical-renderer.vcxproj", "{D1A8614A-F88D-43A0-9BFE-EF6034F925C4}"
EndProject
Project("{8BC9CEB8-8B4A-11D0-8D11-00A0C91BC942}") = "magical-lua", "magical-lua\proj-win32\magical-lua.vcxproj", "{643DC676-9471-4E7F-AF40-1AC6E6F22FC4}"
EndProject
Global
	GlobalSection(SolutionConfigurationPlatforms) = preSolution
		Debug|Win32 = Debug|Win32
		Release|Win32 = Release|Win32
	EndGlobalSection
	GlobalSection(ProjectConfigurationPlatforms) = postSolution
		{09456AF9-0572-4661-A132-632680DA4002}.Debug|Win32.ActiveCfg = Debug|Win32
		{09456AF9-0572-4661-A132-632680DA4002}.Debug|Win32.Build.0 = Debug|Win32
		{09456AF9-0572-4661-A132-632680DA4002}.Release|Win32.ActiveCfg = Release|Win32
		{09456AF9-0572-4661-A132-632680DA4002}.Release|Win32.Build.0 = Release|Win32
		{396D811B-7BF7-4C4F-85F2-71CC03D32A33}.Debug|Win32.ActiveCfg = Debug|Win32
		{396D811B-7BF7-4C4F-85F2-71CC03D32A33}.Debug|Win32.Build.0 = Debug|Win32
		{396D811B-7BF7-4C4F-85F2-71CC03D32A33}.Release|Win32.ActiveCfg = Release|Win32
		{396D811B-7BF7-4C4F-85F2-71CC03D32A33}.Release|Win32.Build.0 = Release|Win32
		{D1A8614A-F88D-43A0-9BFE-EF6034F925C4}.Debug|Win32.ActiveCfg = Debug|Win32
		{D1A8614A-F88D-43A0-9BFE-EF6034F925C4}.Debug|Win32.Build.0 = Debug|Win32
		{D1A8614A-F88D-43A0-9BFE-EF6034F925C4}.Release|Win32.ActiveCfg = Release|Win32
		{D1A8614A-F88D-43A0-9BFE-EF6034F925C4}.Release|Win32.Build.0 = Release|Win32
		{643DC676-9471-4E7F-AF40-1AC6E6F22FC4}.Debug|Win32.ActiveCfg = Debug|Win32
		{643DC676-9471-4E7F-AF40-1AC6E6F22FC4}.Debug|Win32.Build.0 = Debug|Win32
		{643DC676-9471-4E7F-AF40-1AC6E6F22FC4}.Release|Win32.ActiveCfg = Release|Win32
		{643DC676-9471-4E7F-AF40-1AC6E6F22FC4}.Release|Win32.Build.0 = Release|Win32
	EndGlobalSection
	GlobalSection(SolutionProperties) = preSolution
		HideSolutionNode = FALSE
	EndGlobalSection
EndGlobal
