<?xml version="1.0" encoding="utf-8"?>
<Project ToolsVersion="4.0" xmlns="http://schemas.microsoft.com/developer/msbuild/2003">
  <ItemGroup>
    <Filter Include="src">
      <UniqueIdentifier>{2fa0fde4-5ca8-43b8-9abd-b9bf4fbb0c3b}</UniqueIdentifier>
    </Filter>
    <Filter Include="src\common">
      <UniqueIdentifier>{2ef24e78-c596-4ab1-87d1-e0a1f8a0fdef}</UniqueIdentifier>
    </Filter>
    <Filter Include="src\utils">
      <UniqueIdentifier>{18039662-c427-4d1d-b682-8531ef6b8339}</UniqueIdentifier>
    </Filter>
    <Filter Include="src\include">
      <UniqueIdentifier>{33702693-6268-4caa-9994-357bc40a66e0}</UniqueIdentifier>
    </Filter>
  </ItemGroup>
  <ItemGroup>
    <ClInclude Include="src\common\Object.h">
      <Filter>src\common</Filter>
    </ClInclude>
    <ClInclude Include="src\utils\Utils.h">
      <Filter>src\utils</Filter>
    </ClInclude>
    <ClInclude Include="src\PlatformMacros.h">
      <Filter>src</Filter>
    </ClInclude>
    <ClInclude Include="src\include\MagicalEngine.h">
      <Filter>src\include</Filter>
    </ClInclude>
    <ClInclude Include="src\common\Common.h">
      <Filter>src\common</Filter>
    </ClInclude>
    <ClInclude Include="src\common\Geometry.h">
      <Filter>src\common</Filter>
    </ClInclude>
  </ItemGroup>
  <ItemGroup>
    <ClCompile Include="src\common\Object.cpp">
      <Filter>src\common</Filter>
    </ClCompile>
    <ClCompile Include="src\common\Common.c">
      <Filter>src\common</Filter>
    </ClCompile>
    <ClCompile Include="src\common\Geometry.cpp">
      <Filter>src\common</Filter>
    </ClCompile>
  </ItemGroup>
</Project>