<?xml version="1.0" encoding="utf-8"?>
<Project ToolsVersion="4.0" xmlns="http://schemas.microsoft.com/developer/msbuild/2003">
  <ItemGroup>
    <Filter Include="src">
      <UniqueIdentifier>{2fa0fde4-5ca8-43b8-9abd-b9bf4fbb0c3b}</UniqueIdentifier>
    </Filter>
    <Filter Include="src\common">
      <UniqueIdentifier>{2ef24e78-c596-4ab1-87d1-e0a1f8a0fdef}</UniqueIdentifier>
    </Filter>
    <Filter Include="src\kazmath">
      <UniqueIdentifier>{53a86ce0-29c1-4dad-b677-6f0d3d0fd53d}</UniqueIdentifier>
    </Filter>
    <Filter Include="src\kazmath\GL">
      <UniqueIdentifier>{0de3abd5-49aa-486a-90a3-41a3d6dc2ef0}</UniqueIdentifier>
    </Filter>
    <Filter Include="src\node">
      <UniqueIdentifier>{b7c84fd9-5b91-4917-8083-37ecc9a27634}</UniqueIdentifier>
    </Filter>
    <Filter Include="src\engine">
      <UniqueIdentifier>{aa305815-01b9-479a-a322-fbcd322c0d05}</UniqueIdentifier>
    </Filter>
    <Filter Include="src\include">
      <UniqueIdentifier>{33702693-6268-4caa-9994-357bc40a66e0}</UniqueIdentifier>
    </Filter>
    <Filter Include="src\geometry">
      <UniqueIdentifier>{c99adc52-dec6-4bb6-8bab-3daf5be9ae59}</UniqueIdentifier>
    </Filter>
    <Filter Include="src\log">
      <UniqueIdentifier>{52e145e4-b8df-4af6-a596-ba7f1f0a695a}</UniqueIdentifier>
    </Filter>
    <Filter Include="src\log\win32">
      <UniqueIdentifier>{e2adb298-7953-433d-930b-2d33f84b859c}</UniqueIdentifier>
    </Filter>
    <Filter Include="src\utils">
      <UniqueIdentifier>{524d7778-2d65-410d-a26c-3d582ff8777d}</UniqueIdentifier>
    </Filter>
    <Filter Include="src\assets">
      <UniqueIdentifier>{a4816cad-a80d-4887-b8ec-a5e2117ad650}</UniqueIdentifier>
    </Filter>
    <Filter Include="src\assets\win32">
      <UniqueIdentifier>{a13724ea-b60e-4823-a3a3-b838f8e19096}</UniqueIdentifier>
    </Filter>
  </ItemGroup>
  <ItemGroup>
    <ClInclude Include="src\common\Object.h">
      <Filter>src\common</Filter>
    </ClInclude>
    <ClInclude Include="src\PlatformMacros.h">
      <Filter>src</Filter>
    </ClInclude>
    <ClInclude Include="src\kazmath\aabb.h">
      <Filter>src\kazmath</Filter>
    </ClInclude>
    <ClInclude Include="src\kazmath\kazmath.h">
      <Filter>src\kazmath</Filter>
    </ClInclude>
    <ClInclude Include="src\kazmath\mat3.h">
      <Filter>src\kazmath</Filter>
    </ClInclude>
    <ClInclude Include="src\kazmath\mat4.h">
      <Filter>src\kazmath</Filter>
    </ClInclude>
    <ClInclude Include="src\kazmath\plane.h">
      <Filter>src\kazmath</Filter>
    </ClInclude>
    <ClInclude Include="src\kazmath\quaternion.h">
      <Filter>src\kazmath</Filter>
    </ClInclude>
    <ClInclude Include="src\kazmath\ray2.h">
      <Filter>src\kazmath</Filter>
    </ClInclude>
    <ClInclude Include="src\kazmath\ray3.h">
      <Filter>src\kazmath</Filter>
    </ClInclude>
    <ClInclude Include="src\kazmath\utility.h">
      <Filter>src\kazmath</Filter>
    </ClInclude>
    <ClInclude Include="src\kazmath\vec2.h">
      <Filter>src\kazmath</Filter>
    </ClInclude>
    <ClInclude Include="src\kazmath\vec3.h">
      <Filter>src\kazmath</Filter>
    </ClInclude>
    <ClInclude Include="src\kazmath\vec4.h">
      <Filter>src\kazmath</Filter>
    </ClInclude>
    <ClInclude Include="src\kazmath\GL\mat4stack.h">
      <Filter>src\kazmath\GL</Filter>
    </ClInclude>
    <ClInclude Include="src\kazmath\GL\matrix.h">
      <Filter>src\kazmath\GL</Filter>
    </ClInclude>
    <ClInclude Include="src\include\magical-engine.h">
      <Filter>src\include</Filter>
    </ClInclude>
    <ClInclude Include="src\engine\Engine.h">
      <Filter>src\engine</Filter>
    </ClInclude>
    <ClInclude Include="src\log\LogSystem.h">
      <Filter>src\log</Filter>
    </ClInclude>
    <ClInclude Include="src\common\Common.h">
      <Filter>src\common</Filter>
    </ClInclude>
    <ClInclude Include="src\common\Data.h">
      <Filter>src\common</Filter>
    </ClInclude>
    <ClInclude Include="src\utils\Utils.h">
      <Filter>src\utils</Filter>
    </ClInclude>
    <ClInclude Include="src\assets\AssetsSystem.h">
      <Filter>src\assets</Filter>
    </ClInclude>
  </ItemGroup>
  <ItemGroup>
    <ClCompile Include="src\common\Object.cpp">
      <Filter>src\common</Filter>
    </ClCompile>
    <ClCompile Include="src\kazmath\aabb.c">
      <Filter>src\kazmath</Filter>
    </ClCompile>
    <ClCompile Include="src\kazmath\mat3.c">
      <Filter>src\kazmath</Filter>
    </ClCompile>
    <ClCompile Include="src\kazmath\mat4.c">
      <Filter>src\kazmath</Filter>
    </ClCompile>
    <ClCompile Include="src\kazmath\plane.c">
      <Filter>src\kazmath</Filter>
    </ClCompile>
    <ClCompile Include="src\kazmath\quaternion.c">
      <Filter>src\kazmath</Filter>
    </ClCompile>
    <ClCompile Include="src\kazmath\ray2.c">
      <Filter>src\kazmath</Filter>
    </ClCompile>
    <ClCompile Include="src\kazmath\ray3.c">
      <Filter>src\kazmath</Filter>
    </ClCompile>
    <ClCompile Include="src\kazmath\utility.c">
      <Filter>src\kazmath</Filter>
    </ClCompile>
    <ClCompile Include="src\kazmath\vec2.c">
      <Filter>src\kazmath</Filter>
    </ClCompile>
    <ClCompile Include="src\kazmath\vec3.c">
      <Filter>src\kazmath</Filter>
    </ClCompile>
    <ClCompile Include="src\kazmath\vec4.c">
      <Filter>src\kazmath</Filter>
    </ClCompile>
    <ClCompile Include="src\kazmath\GL\mat4stack.c">
      <Filter>src\kazmath\GL</Filter>
    </ClCompile>
    <ClCompile Include="src\kazmath\GL\matrix.c">
      <Filter>src\kazmath\GL</Filter>
    </ClCompile>
    <ClCompile Include="src\engine\Engine.cpp">
      <Filter>src\engine</Filter>
    </ClCompile>
    <ClCompile Include="src\log\win32\LogSystem.cpp">
      <Filter>src\log\win32</Filter>
    </ClCompile>
    <ClCompile Include="src\common\Common.cpp">
      <Filter>src\common</Filter>
    </ClCompile>
    <ClCompile Include="src\common\Data.cpp">
      <Filter>src\common</Filter>
    </ClCompile>
    <ClCompile Include="src\utils\Utils.cpp">
      <Filter>src\utils</Filter>
    </ClCompile>
    <ClCompile Include="src\assets\win32\AssetsSystem.cpp">
      <Filter>src\assets\win32</Filter>
    </ClCompile>
  </ItemGroup>
</Project>